hash: 66010e04701f39d46962b33dbd5398f6ad92d375ee7bc8681531e18a68938c03
updated: 2018-07-16T10:02:07.276979684-05:00
imports:
- name: github.com/gogolfing/cbus
  version: aa9229165f6c77bbdc9e2f4b845c1374619e31fd
- name: github.com/google/uuid
  version: 064e2069ce9c359c118179501254f67d7d37ba24
testImports: []
